
Microsoft Visual Studio Solution File, Format Version 12.00
# Visual Studio Version 17
VisualStudioVersion = 17.13.35825.156
MinimumVisualStudioVersion = 10.0.40219.1
Project("{FAE04EC0-301F-11D3-BF4B-00C04F79EFBC}") = "TestChooser", "TestChooser.csproj", "{6B87D429-1DE2-4B67-BF1E-BCF6855397BB}"
EndProject
Project("{54435603-DBB4-11D2-8724-00A0C9A8B90C}") = "TestChooserInstaller", "..\..\Installers\TestChooserInstaller\TestChooserInstaller.vdproj", "{45BF3AA5-DBA8-5C73-6DBE-5F0DEED06885}"
EndProject
Global
	GlobalSection(SolutionConfigurationPlatforms) = preSolution
		Debug|Any CPU = Debug|Any CPU
		Debug|x64 = Debug|x64
		Release|Any CPU = Release|Any CPU
		Release|x64 = Release|x64
	EndGlobalSection
	GlobalSection(ProjectConfigurationPlatforms) = postSolution
		{6B87D429-1DE2-4B67-BF1E-BCF6855397BB}.Debug|Any CPU.ActiveCfg = Debug|x64
		{6B87D429-1DE2-4B67-BF1E-BCF6855397BB}.Debug|Any CPU.Build.0 = Debug|x64
		{6B87D429-1DE2-4B67-BF1E-BCF6855397BB}.Debug|x64.ActiveCfg = Debug|x64
		{6B87D429-1DE2-4B67-BF1E-BCF6855397BB}.Debug|x64.Build.0 = Debug|x64
		{6B87D429-1DE2-4B67-BF1E-BCF6855397BB}.Release|Any CPU.ActiveCfg = Release|Any CPU
		{6B87D429-1DE2-4B67-BF1E-BCF6855397BB}.Release|Any CPU.Build.0 = Release|Any CPU
		{6B87D429-1DE2-4B67-BF1E-BCF6855397BB}.Release|x64.ActiveCfg = Release|x64
		{6B87D429-1DE2-4B67-BF1E-BCF6855397BB}.Release|x64.Build.0 = Release|x64
		{45BF3AA5-DBA8-5C73-6DBE-5F0DEED06885}.Debug|Any CPU.ActiveCfg = Debug
		{45BF3AA5-DBA8-5C73-6DBE-5F0DEED06885}.Debug|Any CPU.Build.0 = Debug
		{45BF3AA5-DBA8-5C73-6DBE-5F0DEED06885}.Debug|x64.ActiveCfg = Debug
		{45BF3AA5-DBA8-5C73-6DBE-5F0DEED06885}.Debug|x64.Build.0 = Debug
		{45BF3AA5-DBA8-5C73-6DBE-5F0DEED06885}.Release|Any CPU.ActiveCfg = Release
		{45BF3AA5-DBA8-5C73-6DBE-5F0DEED06885}.Release|Any CPU.Build.0 = Release
		{45BF3AA5-DBA8-5C73-6DBE-5F0DEED06885}.Release|x64.ActiveCfg = Release
		{45BF3AA5-DBA8-5C73-6DBE-5F0DEED06885}.Release|x64.Build.0 = Release
	EndGlobalSection
	GlobalSection(SolutionProperties) = preSolution
		HideSolutionNode = FALSE
	EndGlobalSection
	GlobalSection(ExtensibilityGlobals) = postSolution
		SolutionGuid = {94F6CAE5-F6EC-442D-8D11-BE10581FA4B1}
	EndGlobalSection
EndGlobal
